
Microsoft Visual Studio Solution File, Format Version 11.00
# Visual Studio 2010
Project("{FAE04EC0-301F-11D3-BF4B-00C04F79EFBC}") = "Assembly-CSharp-Editor", "Assembly-CSharp-Editor.csproj", "{ce66de3b-8789-2053-4e9c-763d6e2a11d1}"
EndProject
Project("{FAE04EC0-301F-11D3-BF4B-00C04F79EFBC}") = "Assembly-CSharp", "Assembly-CSharp.csproj", "{2041b4f8-aed1-c09e-e899-cdc32ffc313e}"
EndProject
Global
	GlobalSection(SolutionConfigurationPlatforms) = preSolution
		Debug|Any CPU = Debug|Any CPU
	EndGlobalSection
	GlobalSection(ProjectConfigurationPlatforms) = postSolution
		{ce66de3b-8789-2053-4e9c-763d6e2a11d1}.Debug|Any CPU.ActiveCfg = Debug|Any CPU
		{ce66de3b-8789-2053-4e9c-763d6e2a11d1}.Debug|Any CPU.Build.0 = Debug|Any CPU
		{2041b4f8-aed1-c09e-e899-cdc32ffc313e}.Debug|Any CPU.ActiveCfg = Debug|Any CPU
		{2041b4f8-aed1-c09e-e899-cdc32ffc313e}.Debug|Any CPU.Build.0 = Debug|Any CPU
	EndGlobalSection
	GlobalSection(SolutionProperties) = preSolution
		HideSolutionNode = FALSE
	EndGlobalSection
EndGlobal
